
Microsoft Visual Studio Solution File, Format Version 12.00
# Visual Studio 2012
Project("{F184B08F-C81C-45F6-A57F-5ABD9991F28F}") = "sistema_control_bodega", "sistema_control_bodega\sistema_control_bodega.vbproj", "{79B53C21-4063-4F6B-9E6E-1A044AD00B37}"
EndProject
Global
	GlobalSection(SolutionConfigurationPlatforms) = preSolution
		Debug|Any CPU = Debug|Any CPU
		Release|Any CPU = Release|Any CPU
	EndGlobalSection
	GlobalSection(ProjectConfigurationPlatforms) = postSolution
		{79B53C21-4063-4F6B-9E6E-1A044AD00B37}.Debug|Any CPU.ActiveCfg = Debug|Any CPU
		{79B53C21-4063-4F6B-9E6E-1A044AD00B37}.Debug|Any CPU.Build.0 = Debug|Any CPU
		{79B53C21-4063-4F6B-9E6E-1A044AD00B37}.Release|Any CPU.ActiveCfg = Release|Any CPU
		{79B53C21-4063-4F6B-9E6E-1A044AD00B37}.Release|Any CPU.Build.0 = Release|Any CPU
	EndGlobalSection
	GlobalSection(SolutionProperties) = preSolution
		HideSolutionNode = FALSE
	EndGlobalSection
EndGlobal
